
Microsoft Visual Studio Solution File, Format Version 12.00
# Visual Studio Version 16
VisualStudioVersion = 16.0.31702.278
MinimumVisualStudioVersion = 10.0.40219.1
Project("{FAE04EC0-301F-11D3-BF4B-00C04F79EFBC}") = "MVC_Project", "MVC_Project.csproj", "{30B7C1F4-9245-4387-A810-DDA63CC74C5E}"
EndProject
Global
	GlobalSection(SolutionConfigurationPlatforms) = preSolution
		Debug|Any CPU = Debug|Any CPU
		Release|Any CPU = Release|Any CPU
	EndGlobalSection
	GlobalSection(ProjectConfigurationPlatforms) = postSolution
		{30B7C1F4-9245-4387-A810-DDA63CC74C5E}.Debug|Any CPU.ActiveCfg = Debug|Any CPU
		{30B7C1F4-9245-4387-A810-DDA63CC74C5E}.Debug|Any CPU.Build.0 = Debug|Any CPU
		{30B7C1F4-9245-4387-A810-DDA63CC74C5E}.Release|Any CPU.ActiveCfg = Release|Any CPU
		{30B7C1F4-9245-4387-A810-DDA63CC74C5E}.Release|Any CPU.Build.0 = Release|Any CPU
	EndGlobalSection
	GlobalSection(SolutionProperties) = preSolution
		HideSolutionNode = FALSE
	EndGlobalSection
	GlobalSection(ExtensibilityGlobals) = postSolution
		SolutionGuid = {68D131C8-3228-4120-A268-20D07276F52A}
	EndGlobalSection
EndGlobal
